
Microsoft Visual Studio Solution File, Format Version 12.00
# Visual Studio Version 16
VisualStudioVersion = 16.0.30717.126
MinimumVisualStudioVersion = 10.0.40219.1
Project("{FAE04EC0-301F-11D3-BF4B-00C04F79EFBC}") = "abcdefg BOX", "abcdefg BOX\abcdefg BOX.csproj", "{3CA287CC-398B-477F-8A9F-4FD04A8AB883}"
EndProject
Global
	GlobalSection(SolutionConfigurationPlatforms) = preSolution
		Debug|Any CPU = Debug|Any CPU
		Release|Any CPU = Release|Any CPU
	EndGlobalSection
	GlobalSection(ProjectConfigurationPlatforms) = postSolution
		{3CA287CC-398B-477F-8A9F-4FD04A8AB883}.Debug|Any CPU.ActiveCfg = Release|Any CPU
		{3CA287CC-398B-477F-8A9F-4FD04A8AB883}.Debug|Any CPU.Build.0 = Release|Any CPU
		{3CA287CC-398B-477F-8A9F-4FD04A8AB883}.Release|Any CPU.ActiveCfg = Release|Any CPU
		{3CA287CC-398B-477F-8A9F-4FD04A8AB883}.Release|Any CPU.Build.0 = Release|Any CPU
	EndGlobalSection
	GlobalSection(SolutionProperties) = preSolution
		HideSolutionNode = FALSE
	EndGlobalSection
	GlobalSection(ExtensibilityGlobals) = postSolution
		SolutionGuid = {62C5686F-C4AC-4243-AFA1-EA0D89BFF279}
	EndGlobalSection
EndGlobal
